
Microsoft Visual Studio Solution File, Format Version 12.00
# Visual Studio Version 17
VisualStudioVersion = 17.6.33829.357
MinimumVisualStudioVersion = 10.0.40219.1
Project("{FAE04EC0-301F-11D3-BF4B-00C04F79EFBC}") = "PI-laba-1", "PI-laba-1\PI-laba-1.csproj", "{D124C33B-4631-443C-9334-29A06C8896E7}"
EndProject
Global
	GlobalSection(SolutionConfigurationPlatforms) = preSolution
		Debug|Any CPU = Debug|Any CPU
		Release|Any CPU = Release|Any CPU
	EndGlobalSection
	GlobalSection(ProjectConfigurationPlatforms) = postSolution
		{D124C33B-4631-443C-9334-29A06C8896E7}.Debug|Any CPU.ActiveCfg = Debug|Any CPU
		{D124C33B-4631-443C-9334-29A06C8896E7}.Debug|Any CPU.Build.0 = Debug|Any CPU
		{D124C33B-4631-443C-9334-29A06C8896E7}.Release|Any CPU.ActiveCfg = Release|Any CPU
		{D124C33B-4631-443C-9334-29A06C8896E7}.Release|Any CPU.Build.0 = Release|Any CPU
	EndGlobalSection
	GlobalSection(SolutionProperties) = preSolution
		HideSolutionNode = FALSE
	EndGlobalSection
	GlobalSection(ExtensibilityGlobals) = postSolution
		SolutionGuid = {64617C22-F690-4219-AA72-63CFC8BBC2EF}
	EndGlobalSection
EndGlobal
